# THIS IS AN AUTOGENERATED FILE. DO NOT EDIT THIS FILE DIRECTLY.
# yarn lockfile v1


lambit@^0.3.1:
  version "0.3.1"
  resolved "https://registry.yarnpkg.com/lambit/-/lambit-0.3.1.tgz#cebcda2058221049b6fbafce2ef02274418543ef"
  integrity sha512-9Kiab88l3z3B3cL66BSCyRocU0Mzy57qCUlhLchNwyl86uZgBnSfacnty2GShXYnYnVbc+NuEq2MU0GohBTGUg==
